// !$*UTF8*$!
{
	archiveVersion = 1;
	classes = {
	};
	objectVersion = 50;
	objects = {

/* Begin PBXBuildFile section */
		C521C92F24FC3C6200E9B3F5 /* CollectionViewCell.swift in Sources */ = {isa = PBXBuildFile; fileRef = C521C92E24FC3C6200E9B3F5 /* CollectionViewCell.swift */; };
		C571DCDF24F57ED5006295F1 /* FlickerClient.swift in Sources */ = {isa = PBXBuildFile; fileRef = C571DCDE24F57ED5006295F1 /* FlickerClient.swift */; };
		C571DCE124F59341006295F1 /* FlickerResponse.swift in Sources */ = {isa = PBXBuildFile; fileRef = C571DCE024F59341006295F1 /* FlickerResponse.swift */; };
		C571DCE324F59460006295F1 /* FlickerPhotoDetails.swift in Sources */ = {isa = PBXBuildFile; fileRef = C571DCE224F59460006295F1 /* FlickerPhotoDetails.swift */; };
		C571DCE524F59670006295F1 /* FlickerPhotoInfo.swift in Sources */ = {isa = PBXBuildFile; fileRef = C571DCE424F59670006295F1 /* FlickerPhotoInfo.swift */; };
		C571DCE924F5AC67006295F1 /* FlickerPhotoResults.swift in Sources */ = {isa = PBXBuildFile; fileRef = C571DCE824F5AC67006295F1 /* FlickerPhotoResults.swift */; };
		C57BFD5324F436F9007FC3BB /* AppDelegate.swift in Sources */ = {isa = PBXBuildFile; fileRef = C57BFD5224F436F9007FC3BB /* AppDelegate.swift */; };
		C57BFD5524F436F9007FC3BB /* SceneDelegate.swift in Sources */ = {isa = PBXBuildFile; fileRef = C57BFD5424F436F9007FC3BB /* SceneDelegate.swift */; };
		C57BFD5724F436F9007FC3BB /* MapViewController.swift in Sources */ = {isa = PBXBuildFile; fileRef = C57BFD5624F436F9007FC3BB /* MapViewController.swift */; };
		C57BFD5A24F436F9007FC3BB /* Main.storyboard in Resources */ = {isa = PBXBuildFile; fileRef = C57BFD5824F436F9007FC3BB /* Main.storyboard */; };
		C57BFD5C24F436FB007FC3BB /* Assets.xcassets in Resources */ = {isa = PBXBuildFile; fileRef = C57BFD5B24F436FB007FC3BB /* Assets.xcassets */; };
		C57BFD5F24F436FB007FC3BB /* LaunchScreen.storyboard in Resources */ = {isa = PBXBuildFile; fileRef = C57BFD5D24F436FB007FC3BB /* LaunchScreen.storyboard */; };
		C57BFD6824F4373E007FC3BB /* VirtualTourist.xcdatamodeld in Sources */ = {isa = PBXBuildFile; fileRef = C57BFD6624F4373E007FC3BB /* VirtualTourist.xcdatamodeld */; };
		C57BFD6A24F43846007FC3BB /* DataController.swift in Sources */ = {isa = PBXBuildFile; fileRef = C57BFD6924F43846007FC3BB /* DataController.swift */; };
		C57BFD6F24F44177007FC3BB /* Pin+Extensions.swift in Sources */ = {isa = PBXBuildFile; fileRef = C57BFD6E24F44176007FC3BB /* Pin+Extensions.swift */; };
		C5F9163724FC2F39006C4963 /* CollectionViewController.swift in Sources */ = {isa = PBXBuildFile; fileRef = C5F9163624FC2F39006C4963 /* CollectionViewController.swift */; };
/* End PBXBuildFile section */

/* Begin PBXFileReference section */
		C521C92E24FC3C6200E9B3F5 /* CollectionViewCell.swift */ = {isa = PBXFileReference; lastKnownFileType = sourcecode.swift; path = CollectionViewCell.swift; sourceTree = "<group>"; };
		C571DCDE24F57ED5006295F1 /* FlickerClient.swift */ = {isa = PBXFileReference; lastKnownFileType = sourcecode.swift; path = FlickerClient.swift; sourceTree = "<group>"; };
		C571DCE024F59341006295F1 /* FlickerResponse.swift */ = {isa = PBXFileReference; lastKnownFileType = sourcecode.swift; path = FlickerResponse.swift; sourceTree = "<group>"; };
		C571DCE224F59460006295F1 /* FlickerPhotoDetails.swift */ = {isa = PBXFileReference; lastKnownFileType = sourcecode.swift; path = FlickerPhotoDetails.swift; sourceTree = "<group>"; };
		C571DCE424F59670006295F1 /* FlickerPhotoInfo.swift */ = {isa = PBXFileReference; lastKnownFileType = sourcecode.swift; path = FlickerPhotoInfo.swift; sourceTree = "<group>"; };
		C571DCE824F5AC67006295F1 /* FlickerPhotoResults.swift */ = {isa = PBXFileReference; lastKnownFileType = sourcecode.swift; path = FlickerPhotoResults.swift; sourceTree = "<group>"; };
		C57BFD4F24F436F9007FC3BB /* VirtualTourist.app */ = {isa = PBXFileReference; explicitFileType = wrapper.application; includeInIndex = 0; path = VirtualTourist.app; sourceTree = BUILT_PRODUCTS_DIR; };
		C57BFD5224F436F9007FC3BB /* AppDelegate.swift */ = {isa = PBXFileReference; lastKnownFileType = sourcecode.swift; path = AppDelegate.swift; sourceTree = "<group>"; };
		C57BFD5424F436F9007FC3BB /* SceneDelegate.swift */ = {isa = PBXFileReference; lastKnownFileType = sourcecode.swift; path = SceneDelegate.swift; sourceTree = "<group>"; };
		C57BFD5624F436F9007FC3BB /* MapViewController.swift */ = {isa = PBXFileReference; lastKnownFileType = sourcecode.swift; path = MapViewController.swift; sourceTree = "<group>"; };
		C57BFD5924F436F9007FC3BB /* Base */ = {isa = PBXFileReference; lastKnownFileType = file.storyboard; name = Base; path = Base.lproj/Main.storyboard; sourceTree = "<group>"; };
		C57BFD5B24F436FB007FC3BB /* Assets.xcassets */ = {isa = PBXFileReference; lastKnownFileType = folder.assetcatalog; path = Assets.xcassets; sourceTree = "<group>"; };
		C57BFD5E24F436FB007FC3BB /* Base */ = {isa = PBXFileReference; lastKnownFileType = file.storyboard; name = Base; path = Base.lproj/LaunchScreen.storyboard; sourceTree = "<group>"; };
		C57BFD6024F436FB007FC3BB /* Info.plist */ = {isa = PBXFileReference; lastKnownFileType = text.plist.xml; path = Info.plist; sourceTree = "<group>"; };
		C57BFD6724F4373E007FC3BB /* VirtualTourist.xcdatamodel */ = {isa = PBXFileReference; lastKnownFileType = wrapper.xcdatamodel; path = VirtualTourist.xcdatamodel; sourceTree = "<group>"; };
		C57BFD6924F43846007FC3BB /* DataController.swift */ = {isa = PBXFileReference; lastKnownFileType = sourcecode.swift; path = DataController.swift; sourceTree = "<group>"; };
		C57BFD6E24F44176007FC3BB /* Pin+Extensions.swift */ = {isa = PBXFileReference; lastKnownFileType = sourcecode.swift; path = "Pin+Extensions.swift"; sourceTree = "<group>"; };
		C5F9163624FC2F39006C4963 /* CollectionViewController.swift */ = {isa = PBXFileReference; lastKnownFileType = sourcecode.swift; path = CollectionViewController.swift; sourceTree = "<group>"; };
/* End PBXFileReference section */

/* Begin PBXFrameworksBuildPhase section */
		C57BFD4C24F436F9007FC3BB /* Frameworks */ = {
			isa = PBXFrameworksBuildPhase;
			buildActionMask = 2147483647;
			files = (
			);
			runOnlyForDeploymentPostprocessing = 0;
		};
/* End PBXFrameworksBuildPhase section */

/* Begin PBXGroup section */
		C571DCDC24F57E9E006295F1 /* CoreData */ = {
			isa = PBXGroup;
			children = (
				C57BFD6924F43846007FC3BB /* DataController.swift */,
				C57BFD6E24F44176007FC3BB /* Pin+Extensions.swift */,
				C57BFD6624F4373E007FC3BB /* VirtualTourist.xcdatamodeld */,
			);
			path = CoreData;
			sourceTree = "<group>";
		};
		C571DCDD24F57EAC006295F1 /* Network */ = {
			isa = PBXGroup;
			children = (
				C571DCDE24F57ED5006295F1 /* FlickerClient.swift */,
				C571DCE024F59341006295F1 /* FlickerResponse.swift */,
				C571DCE224F59460006295F1 /* FlickerPhotoDetails.swift */,
				C571DCE424F59670006295F1 /* FlickerPhotoInfo.swift */,
				C571DCE824F5AC67006295F1 /* FlickerPhotoResults.swift */,
			);
			path = Network;
			sourceTree = "<group>";
		};
		C57BFD4624F436F9007FC3BB = {
			isa = PBXGroup;
			children = (
				C57BFD5124F436F9007FC3BB /* VirtualTourist */,
				C57BFD5024F436F9007FC3BB /* Products */,
			);
			sourceTree = "<group>";
		};
		C57BFD5024F436F9007FC3BB /* Products */ = {
			isa = PBXGroup;
			children = (
				C57BFD4F24F436F9007FC3BB /* VirtualTourist.app */,
			);
			name = Products;
			sourceTree = "<group>";
		};
		C57BFD5124F436F9007FC3BB /* VirtualTourist */ = {
			isa = PBXGroup;
			children = (
				C57BFD6024F436FB007FC3BB /* Info.plist */,
				C57BFD5224F436F9007FC3BB /* AppDelegate.swift */,
				C57BFD5424F436F9007FC3BB /* SceneDelegate.swift */,
				C57BFD6B24F43A74007FC3BB /* Model */,
				C57BFD6D24F43A9A007FC3BB /* View */,
				C57BFD6C24F43A81007FC3BB /* Controller */,
				C57BFD5824F436F9007FC3BB /* Main.storyboard */,
				C57BFD5D24F436FB007FC3BB /* LaunchScreen.storyboard */,
			);
			path = VirtualTourist;
			sourceTree = "<group>";
		};
		C57BFD6B24F43A74007FC3BB /* Model */ = {
			isa = PBXGroup;
			children = (
				C521C92E24FC3C6200E9B3F5 /* CollectionViewCell.swift */,
				C571DCDD24F57EAC006295F1 /* Network */,
				C571DCDC24F57E9E006295F1 /* CoreData */,
			);
			path = Model;
			sourceTree = "<group>";
		};
		C57BFD6C24F43A81007FC3BB /* Controller */ = {
			isa = PBXGroup;
			children = (
				C5F9163624FC2F39006C4963 /* CollectionViewController.swift */,
				C57BFD5624F436F9007FC3BB /* MapViewController.swift */,
			);
			path = Controller;
			sourceTree = "<group>";
		};
		C57BFD6D24F43A9A007FC3BB /* View */ = {
			isa = PBXGroup;
			children = (
				C57BFD5B24F436FB007FC3BB /* Assets.xcassets */,
			);
			path = View;
			sourceTree = "<group>";
		};
/* End PBXGroup section */

/* Begin PBXNativeTarget section */
		C57BFD4E24F436F9007FC3BB /* VirtualTourist */ = {
			isa = PBXNativeTarget;
			buildConfigurationList = C57BFD6324F436FB007FC3BB /* Build configuration list for PBXNativeTarget "VirtualTourist" */;
			buildPhases = (
				C57BFD4B24F436F9007FC3BB /* Sources */,
				C57BFD4C24F436F9007FC3BB /* Frameworks */,
				C57BFD4D24F436F9007FC3BB /* Resources */,
			);
			buildRules = (
			);
			dependencies = (
			);
			name = VirtualTourist;
			productName = VirtualTourist;
			productReference = C57BFD4F24F436F9007FC3BB /* VirtualTourist.app */;
			productType = "com.apple.product-type.application";
		};
/* End PBXNativeTarget section */

/* Begin PBXProject section */
		C57BFD4724F436F9007FC3BB /* Project object */ = {
			isa = PBXProject;
			attributes = {
				LastSwiftUpdateCheck = 1160;
				LastUpgradeCheck = 1160;
				ORGANIZATIONNAME = Udacity;
				TargetAttributes = {
					C57BFD4E24F436F9007FC3BB = {
						CreatedOnToolsVersion = 11.6;
					};
				};
			};
			buildConfigurationList = C57BFD4A24F436F9007FC3BB /* Build configuration list for PBXProject "VirtualTourist" */;
			compatibilityVersion = "Xcode 9.3";
			developmentRegion = en;
			hasScannedForEncodings = 0;
			knownRegions = (
				en,
				Base,
			);
			mainGroup = C57BFD4624F436F9007FC3BB;
			productRefGroup = C57BFD5024F436F9007FC3BB /* Products */;
			projectDirPath = "";
			projectRoot = "";
			targets = (
				C57BFD4E24F436F9007FC3BB /* VirtualTourist */,
			);
		};
/* End PBXProject section */

/* Begin PBXResourcesBuildPhase section */
		C57BFD4D24F436F9007FC3BB /* Resources */ = {
			isa = PBXResourcesBuildPhase;
			buildActionMask = 2147483647;
			files = (
				C57BFD5F24F436FB007FC3BB /* LaunchScreen.storyboard in Resources */,
				C57BFD5C24F436FB007FC3BB /* Assets.xcassets in Resources */,
				C57BFD5A24F436F9007FC3BB /* Main.storyboard in Resources */,
			);
			runOnlyForDeploymentPostprocessing = 0;
		};
/* End PBXResourcesBuildPhase section */

/* Begin PBXSourcesBuildPhase section */
		C57BFD4B24F436F9007FC3BB /* Sources */ = {
			isa = PBXSourcesBuildPhase;
			buildActionMask = 2147483647;
			files = (
				C5F9163724FC2F39006C4963 /* CollectionViewController.swift in Sources */,
				C57BFD6A24F43846007FC3BB /* DataController.swift in Sources */,
				C571DCE924F5AC67006295F1 /* FlickerPhotoResults.swift in Sources */,
				C571DCDF24F57ED5006295F1 /* FlickerClient.swift in Sources */,
				C57BFD6824F4373E007FC3BB /* VirtualTourist.xcdatamodeld in Sources */,
				C571DCE324F59460006295F1 /* FlickerPhotoDetails.swift in Sources */,
				C57BFD5724F436F9007FC3BB /* MapViewController.swift in Sources */,
				C57BFD5324F436F9007FC3BB /* AppDelegate.swift in Sources */,
				C521C92F24FC3C6200E9B3F5 /* CollectionViewCell.swift in Sources */,
				C571DCE524F59670006295F1 /* FlickerPhotoInfo.swift in Sources */,
				C57BFD5524F436F9007FC3BB /* SceneDelegate.swift in Sources */,
				C57BFD6F24F44177007FC3BB /* Pin+Extensions.swift in Sources */,
				C571DCE124F59341006295F1 /* FlickerResponse.swift in Sources */,
			);
			runOnlyForDeploymentPostprocessing = 0;
		};
/* End PBXSourcesBuildPhase section */

/* Begin PBXVariantGroup section */
		C57BFD5824F436F9007FC3BB /* Main.storyboard */ = {
			isa = PBXVariantGroup;
			children = (
				C57BFD5924F436F9007FC3BB /* Base */,
			);
			name = Main.storyboard;
			sourceTree = "<group>";
		};
		C57BFD5D24F436FB007FC3BB /* LaunchScreen.storyboard */ = {
			isa = PBXVariantGroup;
			children = (
				C57BFD5E24F436FB007FC3BB /* Base */,
			);
			name = LaunchScreen.storyboard;
			sourceTree = "<group>";
		};
/* End PBXVariantGroup section */

/* Begin XCBuildConfiguration section */
		C57BFD6124F436FB007FC3BB /* Debug */ = {
			isa = XCBuildConfiguration;
			buildSettings = {
				ALWAYS_SEARCH_USER_PATHS = NO;
				CLANG_ANALYZER_NONNULL = YES;
				CLANG_ANALYZER_NUMBER_OBJECT_CONVERSION = YES_AGGRESSIVE;
				CLANG_CXX_LANGUAGE_STANDARD = "gnu++14";
				CLANG_CXX_LIBRARY = "libc++";
				CLANG_ENABLE_MODULES = YES;
				CLANG_ENABLE_OBJC_ARC = YES;
				CLANG_ENABLE_OBJC_WEAK = YES;
				CLANG_WARN_BLOCK_CAPTURE_AUTORELEASING = YES;
				CLANG_WARN_BOOL_CONVERSION = YES;
				CLANG_WARN_COMMA = YES;
				CLANG_WARN_CONSTANT_CONVERSION = YES;
				CLANG_WARN_DEPRECATED_OBJC_IMPLEMENTATIONS = YES;
				CLANG_WARN_DIRECT_OBJC_ISA_USAGE = YES_ERROR;
				CLANG_WARN_DOCUMENTATION_COMMENTS = YES;
				CLANG_WARN_EMPTY_BODY = YES;
				CLANG_WARN_ENUM_CONVERSION = YES;
				CLANG_WARN_INFINITE_RECURSION = YES;
				CLANG_WARN_INT_CONVERSION = YES;
				CLANG_WARN_NON_LITERAL_NULL_CONVERSION = YES;
				CLANG_WARN_OBJC_IMPLICIT_RETAIN_SELF = YES;
				CLANG_WARN_OBJC_LITERAL_CONVERSION = YES;
				CLANG_WARN_OBJC_ROOT_CLASS = YES_ERROR;
				CLANG_WARN_RANGE_LOOP_ANALYSIS = YES;
				CLANG_WARN_STRICT_PROTOTYPES = YES;
				CLANG_WARN_SUSPICIOUS_MOVE = YES;
				CLANG_WARN_UNGUARDED_AVAILABILITY = YES_AGGRESSIVE;
				CLANG_WARN_UNREACHABLE_CODE = YES;
				CLANG_WARN__DUPLICATE_METHOD_MATCH = YES;
				COPY_PHASE_STRIP = NO;
				DEBUG_INFORMATION_FORMAT = dwarf;
				ENABLE_STRICT_OBJC_MSGSEND = YES;
				ENABLE_TESTABILITY = YES;
				GCC_C_LANGUAGE_STANDARD = gnu11;
				GCC_DYNAMIC_NO_PIC = NO;
				GCC_NO_COMMON_BLOCKS = YES;
				GCC_OPTIMIZATION_LEVEL = 0;
				GCC_PREPROCESSOR_DEFINITIONS = (
					"DEBUG=1",
					"$(inherited)",
				);
				GCC_WARN_64_TO_32_BIT_CONVERSION = YES;
				GCC_WARN_ABOUT_RETURN_TYPE = YES_ERROR;
				GCC_WARN_UNDECLARED_SELECTOR = YES;
				GCC_WARN_UNINITIALIZED_AUTOS = YES_AGGRESSIVE;
				GCC_WARN_UNUSED_FUNCTION = YES;
				GCC_WARN_UNUSED_VARIABLE = YES;
				IPHONEOS_DEPLOYMENT_TARGET = 13.6;
				MTL_ENABLE_DEBUG_INFO = INCLUDE_SOURCE;
				MTL_FAST_MATH = YES;
				ONLY_ACTIVE_ARCH = YES;
				SDKROOT = iphoneos;
				SWIFT_ACTIVE_COMPILATION_CONDITIONS = DEBUG;
				SWIFT_OPTIMIZATION_LEVEL = "-Onone";
			};
			name = Debug;
		};
		C57BFD6224F436FB007FC3BB /* Release */ = {
			isa = XCBuildConfiguration;
			buildSettings = {
				ALWAYS_SEARCH_USER_PATHS = NO;
				CLANG_ANALYZER_NONNULL = YES;
				CLANG_ANALYZER_NUMBER_OBJECT_CONVERSION = YES_AGGRESSIVE;
				CLANG_CXX_LANGUAGE_STANDARD = "gnu++14";
				CLANG_CXX_LIBRARY = "libc++";
				CLANG_ENABLE_MODULES = YES;
				CLANG_ENABLE_OBJC_ARC = YES;
				CLANG_ENABLE_OBJC_WEAK = YES;
				CLANG_WARN_BLOCK_CAPTURE_AUTORELEASING = YES;
				CLANG_WARN_BOOL_CONVERSION = YES;
				CLANG_WARN_COMMA = YES;
				CLANG_WARN_CONSTANT_CONVERSION = YES;
				CLANG_WARN_DEPRECATED_OBJC_IMPLEMENTATIONS = YES;
				CLANG_WARN_DIRECT_OBJC_ISA_USAGE = YES_ERROR;
				CLANG_WARN_DOCUMENTATION_COMMENTS = YES;
				CLANG_WARN_EMPTY_BODY = YES;
				CLANG_WARN_ENUM_CONVERSION = YES;
				CLANG_WARN_INFINITE_RECURSION = YES;
				CLANG_WARN_INT_CONVERSION = YES;
				CLANG_WARN_NON_LITERAL_NULL_CONVERSION = YES;
				CLANG_WARN_OBJC_IMPLICIT_RETAIN_SELF = YES;
				CLANG_WARN_OBJC_LITERAL_CONVERSION = YES;
				CLANG_WARN_OBJC_ROOT_CLASS = YES_ERROR;
				CLANG_WARN_RANGE_LOOP_ANALYSIS = YES;
				CLANG_WARN_STRICT_PROTOTYPES = YES;
				CLANG_WARN_SUSPICIOUS_MOVE = YES;
				CLANG_WARN_UNGUARDED_AVAILABILITY = YES_AGGRESSIVE;
				CLANG_WARN_UNREACHABLE_CODE = YES;
				CLANG_WARN__DUPLICATE_METHOD_MATCH = YES;
				COPY_PHASE_STRIP = NO;
				DEBUG_INFORMATION_FORMAT = "dwarf-with-dsym";
				ENABLE_NS_ASSERTIONS = NO;
				ENABLE_STRICT_OBJC_MSGSEND = YES;
				GCC_C_LANGUAGE_STANDARD = gnu11;
				GCC_NO_COMMON_BLOCKS = YES;
				GCC_WARN_64_TO_32_BIT_CONVERSION = YES;
				GCC_WARN_ABOUT_RETURN_TYPE = YES_ERROR;
				GCC_WARN_UNDECLARED_SELECTOR = YES;
				GCC_WARN_UNINITIALIZED_AUTOS = YES_AGGRESSIVE;
				GCC_WARN_UNUSED_FUNCTION = YES;
				GCC_WARN_UNUSED_VARIABLE = YES;
				IPHONEOS_DEPLOYMENT_TARGET = 13.6;
				MTL_ENABLE_DEBUG_INFO = NO;
				MTL_FAST_MATH = YES;
				SDKROOT = iphoneos;
				SWIFT_COMPILATION_MODE = wholemodule;
				SWIFT_OPTIMIZATION_LEVEL = "-O";
				VALIDATE_PRODUCT = YES;
			};
			name = Release;
		};
		C57BFD6424F436FB007FC3BB /* Debug */ = {
			isa = XCBuildConfiguration;
			buildSettings = {
				ASSETCATALOG_COMPILER_APPICON_NAME = AppIcon;
				CODE_SIGN_STYLE = Automatic;
				DEVELOPMENT_TEAM = 72GXT52FYZ;
				INFOPLIST_FILE = VirtualTourist/Info.plist;
				LD_RUNPATH_SEARCH_PATHS = (
					"$(inherited)",
					"@executable_path/Frameworks",
				);
				PRODUCT_BUNDLE_IDENTIFIER = "com.udacity.-";
				PRODUCT_NAME = "$(TARGET_NAME)";
				SWIFT_VERSION = 5.0;
				TARGETED_DEVICE_FAMILY = "1,2";
			};
			name = Debug;
		};
		C57BFD6524F436FB007FC3BB /* Release */ = {
			isa = XCBuildConfiguration;
			buildSettings = {
				ASSETCATALOG_COMPILER_APPICON_NAME = AppIcon;
				CODE_SIGN_STYLE = Automatic;
				DEVELOPMENT_TEAM = 72GXT52FYZ;
				INFOPLIST_FILE = VirtualTourist/Info.plist;
				LD_RUNPATH_SEARCH_PATHS = (
					"$(inherited)",
					"@executable_path/Frameworks",
				);
				PRODUCT_BUNDLE_IDENTIFIER = "com.udacity.-";
				PRODUCT_NAME = "$(TARGET_NAME)";
				SWIFT_VERSION = 5.0;
				TARGETED_DEVICE_FAMILY = "1,2";
			};
			name = Release;
		};
/* End XCBuildConfiguration section */

/* Begin XCConfigurationList section */
		C57BFD4A24F436F9007FC3BB /* Build configuration list for PBXProject "VirtualTourist" */ = {
			isa = XCConfigurationList;
			buildConfigurations = (
				C57BFD6124F436FB007FC3BB /* Debug */,
				C57BFD6224F436FB007FC3BB /* Release */,
			);
			defaultConfigurationIsVisible = 0;
			defaultConfigurationName = Release;
		};
		C57BFD6324F436FB007FC3BB /* Build configuration list for PBXNativeTarget "VirtualTourist" */ = {
			isa = XCConfigurationList;
			buildConfigurations = (
				C57BFD6424F436FB007FC3BB /* Debug */,
				C57BFD6524F436FB007FC3BB /* Release */,
			);
			defaultConfigurationIsVisible = 0;
			defaultConfigurationName = Release;
		};
/* End XCConfigurationList section */

/* Begin XCVersionGroup section */
		C57BFD6624F4373E007FC3BB /* VirtualTourist.xcdatamodeld */ = {
			isa = XCVersionGroup;
			children = (
				C57BFD6724F4373E007FC3BB /* VirtualTourist.xcdatamodel */,
			);
			currentVersion = C57BFD6724F4373E007FC3BB /* VirtualTourist.xcdatamodel */;
			path = VirtualTourist.xcdatamodeld;
			sourceTree = "<group>";
			versionGroupType = wrapper.xcdatamodel;
		};
/* End XCVersionGroup section */
	};
	rootObject = C57BFD4724F436F9007FC3BB /* Project object */;
}
